// !$*UTF8*$!
{
	archiveVersion = 1;
	classes = {
	};
	objectVersion = 46;
	objects = {

/* Begin PBXBuildFile section */
		390E7D5B1D2D32E800A4DF46 /* MainVC.m in Sources */ = {isa = PBXBuildFile; fileRef = 390E7D591D2D32E800A4DF46 /* MainVC.m */; };
		390E7D5C1D2D32E800A4DF46 /* MainVC.xib in Resources */ = {isa = PBXBuildFile; fileRef = 390E7D5A1D2D32E800A4DF46 /* MainVC.xib */; };
		390E7D661D2D371C00A4DF46 /* Downloader.m in Sources */ = {isa = PBXBuildFile; fileRef = 390E7D651D2D371C00A4DF46 /* Downloader.m */; };
		390E7D7D1D2E53E200A4DF46 /* MHCollectionViewLayout.m in Sources */ = {isa = PBXBuildFile; fileRef = 390E7D7C1D2E53E200A4DF46 /* MHCollectionViewLayout.m */; };
		390E7D801D2EAE1400A4DF46 /* MHConfigure.m in Sources */ = {isa = PBXBuildFile; fileRef = 390E7D7F1D2EAE1400A4DF46 /* MHConfigure.m */; };
		39BB94EC1D2D26B10032AA0F /* main.m in Sources */ = {isa = PBXBuildFile; fileRef = 39BB94EB1D2D26B10032AA0F /* main.m */; };
		39BB94EF1D2D26B10032AA0F /* AppDelegate.m in Sources */ = {isa = PBXBuildFile; fileRef = 39BB94EE1D2D26B10032AA0F /* AppDelegate.m */; };
		39BB94F71D2D26B10032AA0F /* Assets.xcassets in Resources */ = {isa = PBXBuildFile; fileRef = 39BB94F61D2D26B10032AA0F /* Assets.xcassets */; };
		39BB94FA1D2D26B10032AA0F /* LaunchScreen.storyboard in Resources */ = {isa = PBXBuildFile; fileRef = 39BB94F81D2D26B10032AA0F /* LaunchScreen.storyboard */; };
		39CBE83E1D33E40C001FE1F7 /* AFHTTPRequestOperation.m in Sources */ = {isa = PBXBuildFile; fileRef = 39CBE81D1D33E40C001FE1F7 /* AFHTTPRequestOperation.m */; };
		39CBE83F1D33E40C001FE1F7 /* AFHTTPRequestOperationManager.m in Sources */ = {isa = PBXBuildFile; fileRef = 39CBE81F1D33E40C001FE1F7 /* AFHTTPRequestOperationManager.m */; };
		39CBE8401D33E40C001FE1F7 /* AFHTTPSessionManager.m in Sources */ = {isa = PBXBuildFile; fileRef = 39CBE8211D33E40C001FE1F7 /* AFHTTPSessionManager.m */; };
		39CBE8411D33E40C001FE1F7 /* AFNetworkReachabilityManager.m in Sources */ = {isa = PBXBuildFile; fileRef = 39CBE8241D33E40C001FE1F7 /* AFNetworkReachabilityManager.m */; };
		39CBE8421D33E40C001FE1F7 /* AFSecurityPolicy.m in Sources */ = {isa = PBXBuildFile; fileRef = 39CBE8261D33E40C001FE1F7 /* AFSecurityPolicy.m */; };
		39CBE8431D33E40C001FE1F7 /* AFURLConnectionOperation.m in Sources */ = {isa = PBXBuildFile; fileRef = 39CBE8281D33E40C001FE1F7 /* AFURLConnectionOperation.m */; };
		39CBE8441D33E40C001FE1F7 /* AFURLRequestSerialization.m in Sources */ = {isa = PBXBuildFile; fileRef = 39CBE82A1D33E40C001FE1F7 /* AFURLRequestSerialization.m */; };
		39CBE8451D33E40C001FE1F7 /* AFURLResponseSerialization.m in Sources */ = {isa = PBXBuildFile; fileRef = 39CBE82C1D33E40C001FE1F7 /* AFURLResponseSerialization.m */; };
		39CBE8461D33E40C001FE1F7 /* AFURLSessionManager.m in Sources */ = {isa = PBXBuildFile; fileRef = 39CBE82E1D33E40C001FE1F7 /* AFURLSessionManager.m */; };
		39CBE8471D33E40C001FE1F7 /* UIImageView+AFNetworking.m in Sources */ = {isa = PBXBuildFile; fileRef = 39CBE8301D33E40C001FE1F7 /* UIImageView+AFNetworking.m */; };
		39CBE8481D33E40C001FE1F7 /* PINCache.m in Sources */ = {isa = PBXBuildFile; fileRef = 39CBE8351D33E40C001FE1F7 /* PINCache.m */; };
		39CBE8491D33E40C001FE1F7 /* PINDiskCache.m in Sources */ = {isa = PBXBuildFile; fileRef = 39CBE8371D33E40C001FE1F7 /* PINDiskCache.m */; };
		39CBE84A1D33E40C001FE1F7 /* PINMemoryCache.m in Sources */ = {isa = PBXBuildFile; fileRef = 39CBE8391D33E40C001FE1F7 /* PINMemoryCache.m */; };
		39CBE84B1D33E40C001FE1F7 /* UIImage+WTExtension.m in Sources */ = {isa = PBXBuildFile; fileRef = 39CBE83B1D33E40C001FE1F7 /* UIImage+WTExtension.m */; };
		39CBE84C1D33E40C001FE1F7 /* WTURLImageView.m in Sources */ = {isa = PBXBuildFile; fileRef = 39CBE83D1D33E40C001FE1F7 /* WTURLImageView.m */; };
		39CBE8531D33E421001FE1F7 /* MHCollectionCell.m in Sources */ = {isa = PBXBuildFile; fileRef = 39CBE84F1D33E421001FE1F7 /* MHCollectionCell.m */; };
		39CBE8541D33E421001FE1F7 /* MHCollectionCell.xib in Resources */ = {isa = PBXBuildFile; fileRef = 39CBE8501D33E421001FE1F7 /* MHCollectionCell.xib */; };
		39CBE8571D33E4F7001FE1F7 /* QuartzCore.framework in Frameworks */ = {isa = PBXBuildFile; fileRef = 39CBE8561D33E4F7001FE1F7 /* QuartzCore.framework */; };
		39CBE85B1D33FD13001FE1F7 /* MHModelItem.m in Sources */ = {isa = PBXBuildFile; fileRef = 39CBE85A1D33FD13001FE1F7 /* MHModelItem.m */; };
		39CBE85F1D35074F001FE1F7 /* MHScrollVC.m in Sources */ = {isa = PBXBuildFile; fileRef = 39CBE85D1D35074F001FE1F7 /* MHScrollVC.m */; };
		39CBE8601D35074F001FE1F7 /* MHScrollVC.xib in Resources */ = {isa = PBXBuildFile; fileRef = 39CBE85E1D35074F001FE1F7 /* MHScrollVC.xib */; };
/* End PBXBuildFile section */

/* Begin PBXFileReference section */
		390E7D581D2D32E800A4DF46 /* MainVC.h */ = {isa = PBXFileReference; fileEncoding = 4; lastKnownFileType = sourcecode.c.h; path = MainVC.h; sourceTree = "<group>"; };
		390E7D591D2D32E800A4DF46 /* MainVC.m */ = {isa = PBXFileReference; fileEncoding = 4; lastKnownFileType = sourcecode.c.objc; path = MainVC.m; sourceTree = "<group>"; };
		390E7D5A1D2D32E800A4DF46 /* MainVC.xib */ = {isa = PBXFileReference; fileEncoding = 4; lastKnownFileType = file.xib; path = MainVC.xib; sourceTree = "<group>"; };
		390E7D641D2D371C00A4DF46 /* Downloader.h */ = {isa = PBXFileReference; fileEncoding = 4; lastKnownFileType = sourcecode.c.h; path = Downloader.h; sourceTree = "<group>"; };
		390E7D651D2D371C00A4DF46 /* Downloader.m */ = {isa = PBXFileReference; fileEncoding = 4; lastKnownFileType = sourcecode.c.objc; path = Downloader.m; sourceTree = "<group>"; };
		390E7D7B1D2E53E200A4DF46 /* MHCollectionViewLayout.h */ = {isa = PBXFileReference; fileEncoding = 4; lastKnownFileType = sourcecode.c.h; name = MHCollectionViewLayout.h; path = ScrollView/MHCollectionViewLayout.h; sourceTree = "<group>"; };
		390E7D7C1D2E53E200A4DF46 /* MHCollectionViewLayout.m */ = {isa = PBXFileReference; fileEncoding = 4; lastKnownFileType = sourcecode.c.objc; name = MHCollectionViewLayout.m; path = ScrollView/MHCollectionViewLayout.m; sourceTree = "<group>"; };
		390E7D7E1D2EAE1400A4DF46 /* MHConfigure.h */ = {isa = PBXFileReference; fileEncoding = 4; lastKnownFileType = sourcecode.c.h; path = MHConfigure.h; sourceTree = "<group>"; };
		390E7D7F1D2EAE1400A4DF46 /* MHConfigure.m */ = {isa = PBXFileReference; fileEncoding = 4; lastKnownFileType = sourcecode.c.objc; path = MHConfigure.m; sourceTree = "<group>"; };
		39BB94E71D2D26B10032AA0F /* CustomPickerView.app */ = {isa = PBXFileReference; explicitFileType = wrapper.application; includeInIndex = 0; path = CustomPickerView.app; sourceTree = BUILT_PRODUCTS_DIR; };
		39BB94EB1D2D26B10032AA0F /* main.m */ = {isa = PBXFileReference; lastKnownFileType = sourcecode.c.objc; path = main.m; sourceTree = "<group>"; };
		39BB94ED1D2D26B10032AA0F /* AppDelegate.h */ = {isa = PBXFileReference; lastKnownFileType = sourcecode.c.h; path = AppDelegate.h; sourceTree = "<group>"; };
		39BB94EE1D2D26B10032AA0F /* AppDelegate.m */ = {isa = PBXFileReference; lastKnownFileType = sourcecode.c.objc; path = AppDelegate.m; sourceTree = "<group>"; };
		39BB94F61D2D26B10032AA0F /* Assets.xcassets */ = {isa = PBXFileReference; lastKnownFileType = folder.assetcatalog; path = Assets.xcassets; sourceTree = "<group>"; };
		39BB94F91D2D26B10032AA0F /* Base */ = {isa = PBXFileReference; lastKnownFileType = file.storyboard; name = Base; path = Base.lproj/LaunchScreen.storyboard; sourceTree = "<group>"; };
		39BB94FB1D2D26B10032AA0F /* Info.plist */ = {isa = PBXFileReference; lastKnownFileType = text.plist.xml; path = Info.plist; sourceTree = "<group>"; };
		39CBE81C1D33E40C001FE1F7 /* AFHTTPRequestOperation.h */ = {isa = PBXFileReference; fileEncoding = 4; lastKnownFileType = sourcecode.c.h; path = AFHTTPRequestOperation.h; sourceTree = "<group>"; };
		39CBE81D1D33E40C001FE1F7 /* AFHTTPRequestOperation.m */ = {isa = PBXFileReference; fileEncoding = 4; lastKnownFileType = sourcecode.c.objc; path = AFHTTPRequestOperation.m; sourceTree = "<group>"; };
		39CBE81E1D33E40C001FE1F7 /* AFHTTPRequestOperationManager.h */ = {isa = PBXFileReference; fileEncoding = 4; lastKnownFileType = sourcecode.c.h; path = AFHTTPRequestOperationManager.h; sourceTree = "<group>"; };
		39CBE81F1D33E40C001FE1F7 /* AFHTTPRequestOperationManager.m */ = {isa = PBXFileReference; fileEncoding = 4; lastKnownFileType = sourcecode.c.objc; path = AFHTTPRequestOperationManager.m; sourceTree = "<group>"; };
		39CBE8201D33E40C001FE1F7 /* AFHTTPSessionManager.h */ = {isa = PBXFileReference; fileEncoding = 4; lastKnownFileType = sourcecode.c.h; path = AFHTTPSessionManager.h; sourceTree = "<group>"; };
		39CBE8211D33E40C001FE1F7 /* AFHTTPSessionManager.m */ = {isa = PBXFileReference; fileEncoding = 4; lastKnownFileType = sourcecode.c.objc; path = AFHTTPSessionManager.m; sourceTree = "<group>"; };
		39CBE8221D33E40C001FE1F7 /* AFNetworking.h */ = {isa = PBXFileReference; fileEncoding = 4; lastKnownFileType = sourcecode.c.h; path = AFNetworking.h; sourceTree = "<group>"; };
		39CBE8231D33E40C001FE1F7 /* AFNetworkReachabilityManager.h */ = {isa = PBXFileReference; fileEncoding = 4; lastKnownFileType = sourcecode.c.h; path = AFNetworkReachabilityManager.h; sourceTree = "<group>"; };
		39CBE8241D33E40C001FE1F7 /* AFNetworkReachabilityManager.m */ = {isa = PBXFileReference; fileEncoding = 4; lastKnownFileType = sourcecode.c.objc; path = AFNetworkReachabilityManager.m; sourceTree = "<group>"; };
		39CBE8251D33E40C001FE1F7 /* AFSecurityPolicy.h */ = {isa = PBXFileReference; fileEncoding = 4; lastKnownFileType = sourcecode.c.h; path = AFSecurityPolicy.h; sourceTree = "<group>"; };
		39CBE8261D33E40C001FE1F7 /* AFSecurityPolicy.m */ = {isa = PBXFileReference; fileEncoding = 4; lastKnownFileType = sourcecode.c.objc; path = AFSecurityPolicy.m; sourceTree = "<group>"; };
		39CBE8271D33E40C001FE1F7 /* AFURLConnectionOperation.h */ = {isa = PBXFileReference; fileEncoding = 4; lastKnownFileType = sourcecode.c.h; path = AFURLConnectionOperation.h; sourceTree = "<group>"; };
		39CBE8281D33E40C001FE1F7 /* AFURLConnectionOperation.m */ = {isa = PBXFileReference; fileEncoding = 4; lastKnownFileType = sourcecode.c.objc; path = AFURLConnectionOperation.m; sourceTree = "<group>"; };
		39CBE8291D33E40C001FE1F7 /* AFURLRequestSerialization.h */ = {isa = PBXFileReference; fileEncoding = 4; lastKnownFileType = sourcecode.c.h; path = AFURLRequestSerialization.h; sourceTree = "<group>"; };
		39CBE82A1D33E40C001FE1F7 /* AFURLRequestSerialization.m */ = {isa = PBXFileReference; fileEncoding = 4; lastKnownFileType = sourcecode.c.objc; path = AFURLRequestSerialization.m; sourceTree = "<group>"; };
		39CBE82B1D33E40C001FE1F7 /* AFURLResponseSerialization.h */ = {isa = PBXFileReference; fileEncoding = 4; lastKnownFileType = sourcecode.c.h; path = AFURLResponseSerialization.h; sourceTree = "<group>"; };
		39CBE82C1D33E40C001FE1F7 /* AFURLResponseSerialization.m */ = {isa = PBXFileReference; fileEncoding = 4; lastKnownFileType = sourcecode.c.objc; path = AFURLResponseSerialization.m; sourceTree = "<group>"; };
		39CBE82D1D33E40C001FE1F7 /* AFURLSessionManager.h */ = {isa = PBXFileReference; fileEncoding = 4; lastKnownFileType = sourcecode.c.h; path = AFURLSessionManager.h; sourceTree = "<group>"; };
		39CBE82E1D33E40C001FE1F7 /* AFURLSessionManager.m */ = {isa = PBXFileReference; fileEncoding = 4; lastKnownFileType = sourcecode.c.objc; path = AFURLSessionManager.m; sourceTree = "<group>"; };
		39CBE82F1D33E40C001FE1F7 /* UIImageView+AFNetworking.h */ = {isa = PBXFileReference; fileEncoding = 4; lastKnownFileType = sourcecode.c.h; path = "UIImageView+AFNetworking.h"; sourceTree = "<group>"; };
		39CBE8301D33E40C001FE1F7 /* UIImageView+AFNetworking.m */ = {isa = PBXFileReference; fileEncoding = 4; lastKnownFileType = sourcecode.c.objc; path = "UIImageView+AFNetworking.m"; sourceTree = "<group>"; };
		39CBE8331D33E40C001FE1F7 /* Nullability.h */ = {isa = PBXFileReference; fileEncoding = 4; lastKnownFileType = sourcecode.c.h; path = Nullability.h; sourceTree = "<group>"; };
		39CBE8341D33E40C001FE1F7 /* PINCache.h */ = {isa = PBXFileReference; fileEncoding = 4; lastKnownFileType = sourcecode.c.h; path = PINCache.h; sourceTree = "<group>"; };
		39CBE8351D33E40C001FE1F7 /* PINCache.m */ = {isa = PBXFileReference; fileEncoding = 4; lastKnownFileType = sourcecode.c.objc; path = PINCache.m; sourceTree = "<group>"; };
		39CBE8361D33E40C001FE1F7 /* PINDiskCache.h */ = {isa = PBXFileReference; fileEncoding = 4; lastKnownFileType = sourcecode.c.h; path = PINDiskCache.h; sourceTree = "<group>"; };
		39CBE8371D33E40C001FE1F7 /* PINDiskCache.m */ = {isa = PBXFileReference; fileEncoding = 4; lastKnownFileType = sourcecode.c.objc; path = PINDiskCache.m; sourceTree = "<group>"; };
		39CBE8381D33E40C001FE1F7 /* PINMemoryCache.h */ = {isa = PBXFileReference; fileEncoding = 4; lastKnownFileType = sourcecode.c.h; path = PINMemoryCache.h; sourceTree = "<group>"; };
		39CBE8391D33E40C001FE1F7 /* PINMemoryCache.m */ = {isa = PBXFileReference; fileEncoding = 4; lastKnownFileType = sourcecode.c.objc; path = PINMemoryCache.m; sourceTree = "<group>"; };
		39CBE83A1D33E40C001FE1F7 /* UIImage+WTExtension.h */ = {isa = PBXFileReference; fileEncoding = 4; lastKnownFileType = sourcecode.c.h; path = "UIImage+WTExtension.h"; sourceTree = "<group>"; };
		39CBE83B1D33E40C001FE1F7 /* UIImage+WTExtension.m */ = {isa = PBXFileReference; fileEncoding = 4; lastKnownFileType = sourcecode.c.objc; path = "UIImage+WTExtension.m"; sourceTree = "<group>"; };
		39CBE83C1D33E40C001FE1F7 /* WTURLImageView.h */ = {isa = PBXFileReference; fileEncoding = 4; lastKnownFileType = sourcecode.c.h; path = WTURLImageView.h; sourceTree = "<group>"; };
		39CBE83D1D33E40C001FE1F7 /* WTURLImageView.m */ = {isa = PBXFileReference; fileEncoding = 4; lastKnownFileType = sourcecode.c.objc; path = WTURLImageView.m; sourceTree = "<group>"; };
		39CBE84E1D33E421001FE1F7 /* MHCollectionCell.h */ = {isa = PBXFileReference; fileEncoding = 4; lastKnownFileType = sourcecode.c.h; path = MHCollectionCell.h; sourceTree = "<group>"; };
		39CBE84F1D33E421001FE1F7 /* MHCollectionCell.m */ = {isa = PBXFileReference; fileEncoding = 4; lastKnownFileType = sourcecode.c.objc; path = MHCollectionCell.m; sourceTree = "<group>"; };
		39CBE8501D33E421001FE1F7 /* MHCollectionCell.xib */ = {isa = PBXFileReference; fileEncoding = 4; lastKnownFileType = file.xib; path = MHCollectionCell.xib; sourceTree = "<group>"; };
		39CBE8561D33E4F7001FE1F7 /* QuartzCore.framework */ = {isa = PBXFileReference; lastKnownFileType = wrapper.framework; name = QuartzCore.framework; path = System/Library/Frameworks/QuartzCore.framework; sourceTree = SDKROOT; };
		39CBE8591D33FD13001FE1F7 /* MHModelItem.h */ = {isa = PBXFileReference; fileEncoding = 4; lastKnownFileType = sourcecode.c.h; path = MHModelItem.h; sourceTree = "<group>"; };
		39CBE85A1D33FD13001FE1F7 /* MHModelItem.m */ = {isa = PBXFileReference; fileEncoding = 4; lastKnownFileType = sourcecode.c.objc; path = MHModelItem.m; sourceTree = "<group>"; };
		39CBE85C1D35074F001FE1F7 /* MHScrollVC.h */ = {isa = PBXFileReference; fileEncoding = 4; lastKnownFileType = sourcecode.c.h; name = MHScrollVC.h; path = ScrollView/MHScrollVC.h; sourceTree = "<group>"; };
		39CBE85D1D35074F001FE1F7 /* MHScrollVC.m */ = {isa = PBXFileReference; fileEncoding = 4; lastKnownFileType = sourcecode.c.objc; name = MHScrollVC.m; path = ScrollView/MHScrollVC.m; sourceTree = "<group>"; };
		39CBE85E1D35074F001FE1F7 /* MHScrollVC.xib */ = {isa = PBXFileReference; fileEncoding = 4; lastKnownFileType = file.xib; name = MHScrollVC.xib; path = ScrollView/MHScrollVC.xib; sourceTree = "<group>"; };
/* End PBXFileReference section */

/* Begin PBXFrameworksBuildPhase section */
		39BB94E41D2D26B10032AA0F /* Frameworks */ = {
			isa = PBXFrameworksBuildPhase;
			buildActionMask = 2147483647;
			files = (
				39CBE8571D33E4F7001FE1F7 /* QuartzCore.framework in Frameworks */,
			);
			runOnlyForDeploymentPostprocessing = 0;
		};
/* End PBXFrameworksBuildPhase section */

/* Begin PBXGroup section */
		390E7D601D2D337800A4DF46 /* ScrollView */ = {
			isa = PBXGroup;
			children = (
				39CBE85C1D35074F001FE1F7 /* MHScrollVC.h */,
				39CBE85D1D35074F001FE1F7 /* MHScrollVC.m */,
				39CBE85E1D35074F001FE1F7 /* MHScrollVC.xib */,
				39CBE8581D33FCE8001FE1F7 /* MHModelItem */,
				39CBE84D1D33E421001FE1F7 /* MHCollectionCell */,
				390E7D7B1D2E53E200A4DF46 /* MHCollectionViewLayout.h */,
				390E7D7C1D2E53E200A4DF46 /* MHCollectionViewLayout.m */,
			);
			name = ScrollView;
			sourceTree = "<group>";
		};
		390E7D611D2D338400A4DF46 /* MainVC */ = {
			isa = PBXGroup;
			children = (
				390E7D581D2D32E800A4DF46 /* MainVC.h */,
				390E7D591D2D32E800A4DF46 /* MainVC.m */,
				390E7D5A1D2D32E800A4DF46 /* MainVC.xib */,
			);
			name = MainVC;
			sourceTree = "<group>";
		};
		39BB94DE1D2D26B10032AA0F = {
			isa = PBXGroup;
			children = (
				39CBE8561D33E4F7001FE1F7 /* QuartzCore.framework */,
				39CBE81A1D33E40C001FE1F7 /* ExternalLibraries */,
				39BB94E91D2D26B10032AA0F /* CustomPickerView */,
				39BB94E81D2D26B10032AA0F /* Products */,
			);
			sourceTree = "<group>";
		};
		39BB94E81D2D26B10032AA0F /* Products */ = {
			isa = PBXGroup;
			children = (
				39BB94E71D2D26B10032AA0F /* CustomPickerView.app */,
			);
			name = Products;
			sourceTree = "<group>";
		};
		39BB94E91D2D26B10032AA0F /* CustomPickerView */ = {
			isa = PBXGroup;
			children = (
				390E7D611D2D338400A4DF46 /* MainVC */,
				390E7D601D2D337800A4DF46 /* ScrollView */,
				39BB94ED1D2D26B10032AA0F /* AppDelegate.h */,
				39BB94EE1D2D26B10032AA0F /* AppDelegate.m */,
				390E7D7E1D2EAE1400A4DF46 /* MHConfigure.h */,
				390E7D7F1D2EAE1400A4DF46 /* MHConfigure.m */,
				390E7D641D2D371C00A4DF46 /* Downloader.h */,
				390E7D651D2D371C00A4DF46 /* Downloader.m */,
				39BB94F61D2D26B10032AA0F /* Assets.xcassets */,
				39BB94F81D2D26B10032AA0F /* LaunchScreen.storyboard */,
				39BB94FB1D2D26B10032AA0F /* Info.plist */,
				39BB94EA1D2D26B10032AA0F /* Supporting Files */,
			);
			path = CustomPickerView;
			sourceTree = "<group>";
		};
		39BB94EA1D2D26B10032AA0F /* Supporting Files */ = {
			isa = PBXGroup;
			children = (
				39BB94EB1D2D26B10032AA0F /* main.m */,
			);
			name = "Supporting Files";
			sourceTree = "<group>";
		};
		39CBE81A1D33E40C001FE1F7 /* ExternalLibraries */ = {
			isa = PBXGroup;
			children = (
				39CBE81B1D33E40C001FE1F7 /* AFNetworking */,
				39CBE8311D33E40C001FE1F7 /* WTURLImageView */,
			);
			name = ExternalLibraries;
			path = CustomPickerView/ExternalLibraries;
			sourceTree = "<group>";
		};
		39CBE81B1D33E40C001FE1F7 /* AFNetworking */ = {
			isa = PBXGroup;
			children = (
				39CBE81C1D33E40C001FE1F7 /* AFHTTPRequestOperation.h */,
				39CBE81D1D33E40C001FE1F7 /* AFHTTPRequestOperation.m */,
				39CBE81E1D33E40C001FE1F7 /* AFHTTPRequestOperationManager.h */,
				39CBE81F1D33E40C001FE1F7 /* AFHTTPRequestOperationManager.m */,
				39CBE8201D33E40C001FE1F7 /* AFHTTPSessionManager.h */,
				39CBE8211D33E40C001FE1F7 /* AFHTTPSessionManager.m */,
				39CBE8221D33E40C001FE1F7 /* AFNetworking.h */,
				39CBE8231D33E40C001FE1F7 /* AFNetworkReachabilityManager.h */,
				39CBE8241D33E40C001FE1F7 /* AFNetworkReachabilityManager.m */,
				39CBE8251D33E40C001FE1F7 /* AFSecurityPolicy.h */,
				39CBE8261D33E40C001FE1F7 /* AFSecurityPolicy.m */,
				39CBE8271D33E40C001FE1F7 /* AFURLConnectionOperation.h */,
				39CBE8281D33E40C001FE1F7 /* AFURLConnectionOperation.m */,
				39CBE8291D33E40C001FE1F7 /* AFURLRequestSerialization.h */,
				39CBE82A1D33E40C001FE1F7 /* AFURLRequestSerialization.m */,
				39CBE82B1D33E40C001FE1F7 /* AFURLResponseSerialization.h */,
				39CBE82C1D33E40C001FE1F7 /* AFURLResponseSerialization.m */,
				39CBE82D1D33E40C001FE1F7 /* AFURLSessionManager.h */,
				39CBE82E1D33E40C001FE1F7 /* AFURLSessionManager.m */,
				39CBE82F1D33E40C001FE1F7 /* UIImageView+AFNetworking.h */,
				39CBE8301D33E40C001FE1F7 /* UIImageView+AFNetworking.m */,
			);
			path = AFNetworking;
			sourceTree = "<group>";
		};
		39CBE8311D33E40C001FE1F7 /* WTURLImageView */ = {
			isa = PBXGroup;
			children = (
				39CBE8321D33E40C001FE1F7 /* PINCache */,
				39CBE83A1D33E40C001FE1F7 /* UIImage+WTExtension.h */,
				39CBE83B1D33E40C001FE1F7 /* UIImage+WTExtension.m */,
				39CBE83C1D33E40C001FE1F7 /* WTURLImageView.h */,
				39CBE83D1D33E40C001FE1F7 /* WTURLImageView.m */,
			);
			path = WTURLImageView;
			sourceTree = "<group>";
		};
		39CBE8321D33E40C001FE1F7 /* PINCache */ = {
			isa = PBXGroup;
			children = (
				39CBE8331D33E40C001FE1F7 /* Nullability.h */,
				39CBE8341D33E40C001FE1F7 /* PINCache.h */,
				39CBE8351D33E40C001FE1F7 /* PINCache.m */,
				39CBE8361D33E40C001FE1F7 /* PINDiskCache.h */,
				39CBE8371D33E40C001FE1F7 /* PINDiskCache.m */,
				39CBE8381D33E40C001FE1F7 /* PINMemoryCache.h */,
				39CBE8391D33E40C001FE1F7 /* PINMemoryCache.m */,
			);
			path = PINCache;
			sourceTree = "<group>";
		};
		39CBE84D1D33E421001FE1F7 /* MHCollectionCell */ = {
			isa = PBXGroup;
			children = (
				39CBE84E1D33E421001FE1F7 /* MHCollectionCell.h */,
				39CBE84F1D33E421001FE1F7 /* MHCollectionCell.m */,
				39CBE8501D33E421001FE1F7 /* MHCollectionCell.xib */,
			);
			name = MHCollectionCell;
			path = ScrollView/MHCollectionCell;
			sourceTree = "<group>";
		};
		39CBE8581D33FCE8001FE1F7 /* MHModelItem */ = {
			isa = PBXGroup;
			children = (
				39CBE8591D33FD13001FE1F7 /* MHModelItem.h */,
				39CBE85A1D33FD13001FE1F7 /* MHModelItem.m */,
			);
			name = MHModelItem;
			path = ScrollView/MHModelItem;
			sourceTree = "<group>";
		};
/* End PBXGroup section */

/* Begin PBXNativeTarget section */
		39BB94E61D2D26B10032AA0F /* CustomPickerView */ = {
			isa = PBXNativeTarget;
			buildConfigurationList = 39BB94FE1D2D26B10032AA0F /* Build configuration list for PBXNativeTarget "CustomPickerView" */;
			buildPhases = (
				39BB94E31D2D26B10032AA0F /* Sources */,
				39BB94E41D2D26B10032AA0F /* Frameworks */,
				39BB94E51D2D26B10032AA0F /* Resources */,
			);
			buildRules = (
			);
			dependencies = (
			);
			name = CustomPickerView;
			productName = CustomPickerView;
			productReference = 39BB94E71D2D26B10032AA0F /* CustomPickerView.app */;
			productType = "com.apple.product-type.application";
		};
/* End PBXNativeTarget section */

/* Begin PBXProject section */
		39BB94DF1D2D26B10032AA0F /* Project object */ = {
			isa = PBXProject;
			attributes = {
				LastUpgradeCheck = 0730;
				ORGANIZATIONNAME = "Melaniia Hulianovych";
				TargetAttributes = {
					39BB94E61D2D26B10032AA0F = {
						CreatedOnToolsVersion = 7.3.1;
					};
				};
			};
			buildConfigurationList = 39BB94E21D2D26B10032AA0F /* Build configuration list for PBXProject "CustomPickerView" */;
			compatibilityVersion = "Xcode 3.2";
			developmentRegion = English;
			hasScannedForEncodings = 0;
			knownRegions = (
				en,
				Base,
			);
			mainGroup = 39BB94DE1D2D26B10032AA0F;
			productRefGroup = 39BB94E81D2D26B10032AA0F /* Products */;
			projectDirPath = "";
			projectRoot = "";
			targets = (
				39BB94E61D2D26B10032AA0F /* CustomPickerView */,
			);
		};
/* End PBXProject section */

/* Begin PBXResourcesBuildPhase section */
		39BB94E51D2D26B10032AA0F /* Resources */ = {
			isa = PBXResourcesBuildPhase;
			buildActionMask = 2147483647;
			files = (
				390E7D5C1D2D32E800A4DF46 /* MainVC.xib in Resources */,
				39CBE8601D35074F001FE1F7 /* MHScrollVC.xib in Resources */,
				39BB94FA1D2D26B10032AA0F /* LaunchScreen.storyboard in Resources */,
				39BB94F71D2D26B10032AA0F /* Assets.xcassets in Resources */,
				39CBE8541D33E421001FE1F7 /* MHCollectionCell.xib in Resources */,
			);
			runOnlyForDeploymentPostprocessing = 0;
		};
/* End PBXResourcesBuildPhase section */

/* Begin PBXSourcesBuildPhase section */
		39BB94E31D2D26B10032AA0F /* Sources */ = {
			isa = PBXSourcesBuildPhase;
			buildActionMask = 2147483647;
			files = (
				39CBE8431D33E40C001FE1F7 /* AFURLConnectionOperation.m in Sources */,
				39CBE85B1D33FD13001FE1F7 /* MHModelItem.m in Sources */,
				39CBE8471D33E40C001FE1F7 /* UIImageView+AFNetworking.m in Sources */,
				390E7D5B1D2D32E800A4DF46 /* MainVC.m in Sources */,
				39CBE84A1D33E40C001FE1F7 /* PINMemoryCache.m in Sources */,
				390E7D661D2D371C00A4DF46 /* Downloader.m in Sources */,
				390E7D801D2EAE1400A4DF46 /* MHConfigure.m in Sources */,
				39CBE8451D33E40C001FE1F7 /* AFURLResponseSerialization.m in Sources */,
				39BB94EF1D2D26B10032AA0F /* AppDelegate.m in Sources */,
				39CBE8441D33E40C001FE1F7 /* AFURLRequestSerialization.m in Sources */,
				39CBE8421D33E40C001FE1F7 /* AFSecurityPolicy.m in Sources */,
				39CBE8531D33E421001FE1F7 /* MHCollectionCell.m in Sources */,
				39CBE83E1D33E40C001FE1F7 /* AFHTTPRequestOperation.m in Sources */,
				39CBE8481D33E40C001FE1F7 /* PINCache.m in Sources */,
				39CBE8461D33E40C001FE1F7 /* AFURLSessionManager.m in Sources */,
				39CBE84C1D33E40C001FE1F7 /* WTURLImageView.m in Sources */,
				390E7D7D1D2E53E200A4DF46 /* MHCollectionViewLayout.m in Sources */,
				39CBE8401D33E40C001FE1F7 /* AFHTTPSessionManager.m in Sources */,
				39CBE84B1D33E40C001FE1F7 /* UIImage+WTExtension.m in Sources */,
				39CBE8491D33E40C001FE1F7 /* PINDiskCache.m in Sources */,
				39BB94EC1D2D26B10032AA0F /* main.m in Sources */,
				39CBE8411D33E40C001FE1F7 /* AFNetworkReachabilityManager.m in Sources */,
				39CBE85F1D35074F001FE1F7 /* MHScrollVC.m in Sources */,
				39CBE83F1D33E40C001FE1F7 /* AFHTTPRequestOperationManager.m in Sources */,
			);
			runOnlyForDeploymentPostprocessing = 0;
		};
/* End PBXSourcesBuildPhase section */

/* Begin PBXVariantGroup section */
		39BB94F81D2D26B10032AA0F /* LaunchScreen.storyboard */ = {
			isa = PBXVariantGroup;
			children = (
				39BB94F91D2D26B10032AA0F /* Base */,
			);
			name = LaunchScreen.storyboard;
			sourceTree = "<group>";
		};
/* End PBXVariantGroup section */

/* Begin XCBuildConfiguration section */
		39BB94FC1D2D26B10032AA0F /* Debug */ = {
			isa = XCBuildConfiguration;
			buildSettings = {
				ALWAYS_SEARCH_USER_PATHS = NO;
				CLANG_ANALYZER_NONNULL = YES;
				CLANG_CXX_LANGUAGE_STANDARD = "gnu++0x";
				CLANG_CXX_LIBRARY = "libc++";
				CLANG_ENABLE_MODULES = YES;
				CLANG_ENABLE_OBJC_ARC = YES;
				CLANG_WARN_BOOL_CONVERSION = YES;
				CLANG_WARN_CONSTANT_CONVERSION = YES;
				CLANG_WARN_DIRECT_OBJC_ISA_USAGE = YES_ERROR;
				CLANG_WARN_EMPTY_BODY = YES;
				CLANG_WARN_ENUM_CONVERSION = YES;
				CLANG_WARN_INT_CONVERSION = YES;
				CLANG_WARN_OBJC_ROOT_CLASS = YES_ERROR;
				CLANG_WARN_UNREACHABLE_CODE = YES;
				CLANG_WARN__DUPLICATE_METHOD_MATCH = YES;
				"CODE_SIGN_IDENTITY[sdk=iphoneos*]" = "iPhone Developer";
				COPY_PHASE_STRIP = NO;
				DEBUG_INFORMATION_FORMAT = dwarf;
				ENABLE_STRICT_OBJC_MSGSEND = YES;
				ENABLE_TESTABILITY = YES;
				GCC_C_LANGUAGE_STANDARD = gnu99;
				GCC_DYNAMIC_NO_PIC = NO;
				GCC_NO_COMMON_BLOCKS = YES;
				GCC_OPTIMIZATION_LEVEL = 0;
				GCC_PREPROCESSOR_DEFINITIONS = (
					"DEBUG=1",
					"$(inherited)",
				);
				GCC_WARN_64_TO_32_BIT_CONVERSION = YES;
				GCC_WARN_ABOUT_RETURN_TYPE = YES_ERROR;
				GCC_WARN_UNDECLARED_SELECTOR = YES;
				GCC_WARN_UNINITIALIZED_AUTOS = YES_AGGRESSIVE;
				GCC_WARN_UNUSED_FUNCTION = YES;
				GCC_WARN_UNUSED_VARIABLE = YES;
				IPHONEOS_DEPLOYMENT_TARGET = 9.3;
				MTL_ENABLE_DEBUG_INFO = YES;
				ONLY_ACTIVE_ARCH = YES;
				SDKROOT = iphoneos;
				TARGETED_DEVICE_FAMILY = "1,2";
			};
			name = Debug;
		};
		39BB94FD1D2D26B10032AA0F /* Release */ = {
			isa = XCBuildConfiguration;
			buildSettings = {
				ALWAYS_SEARCH_USER_PATHS = NO;
				CLANG_ANALYZER_NONNULL = YES;
				CLANG_CXX_LANGUAGE_STANDARD = "gnu++0x";
				CLANG_CXX_LIBRARY = "libc++";
				CLANG_ENABLE_MODULES = YES;
				CLANG_ENABLE_OBJC_ARC = YES;
				CLANG_WARN_BOOL_CONVERSION = YES;
				CLANG_WARN_CONSTANT_CONVERSION = YES;
				CLANG_WARN_DIRECT_OBJC_ISA_USAGE = YES_ERROR;
				CLANG_WARN_EMPTY_BODY = YES;
				CLANG_WARN_ENUM_CONVERSION = YES;
				CLANG_WARN_INT_CONVERSION = YES;
				CLANG_WARN_OBJC_ROOT_CLASS = YES_ERROR;
				CLANG_WARN_UNREACHABLE_CODE = YES;
				CLANG_WARN__DUPLICATE_METHOD_MATCH = YES;
				"CODE_SIGN_IDENTITY[sdk=iphoneos*]" = "iPhone Developer";
				COPY_PHASE_STRIP = NO;
				DEBUG_INFORMATION_FORMAT = "dwarf-with-dsym";
				ENABLE_NS_ASSERTIONS = NO;
				ENABLE_STRICT_OBJC_MSGSEND = YES;
				GCC_C_LANGUAGE_STANDARD = gnu99;
				GCC_NO_COMMON_BLOCKS = YES;
				GCC_WARN_64_TO_32_BIT_CONVERSION = YES;
				GCC_WARN_ABOUT_RETURN_TYPE = YES_ERROR;
				GCC_WARN_UNDECLARED_SELECTOR = YES;
				GCC_WARN_UNINITIALIZED_AUTOS = YES_AGGRESSIVE;
				GCC_WARN_UNUSED_FUNCTION = YES;
				GCC_WARN_UNUSED_VARIABLE = YES;
				IPHONEOS_DEPLOYMENT_TARGET = 9.3;
				MTL_ENABLE_DEBUG_INFO = NO;
				SDKROOT = iphoneos;
				TARGETED_DEVICE_FAMILY = "1,2";
				VALIDATE_PRODUCT = YES;
			};
			name = Release;
		};
		39BB94FF1D2D26B10032AA0F /* Debug */ = {
			isa = XCBuildConfiguration;
			buildSettings = {
				ASSETCATALOG_COMPILER_APPICON_NAME = AppIcon;
				INFOPLIST_FILE = CustomPickerView/Info.plist;
				LD_RUNPATH_SEARCH_PATHS = "$(inherited) @executable_path/Frameworks";
				ONLY_ACTIVE_ARCH = YES;
				PRODUCT_BUNDLE_IDENTIFIER = MH.CustomPickerView;
				PRODUCT_NAME = "$(TARGET_NAME)";
				TARGETED_DEVICE_FAMILY = "1,2";
				VALID_ARCHS = "arm64 armv7 armv7s";
			};
			name = Debug;
		};
		39BB95001D2D26B10032AA0F /* Release */ = {
			isa = XCBuildConfiguration;
			buildSettings = {
				ASSETCATALOG_COMPILER_APPICON_NAME = AppIcon;
				INFOPLIST_FILE = CustomPickerView/Info.plist;
				LD_RUNPATH_SEARCH_PATHS = "$(inherited) @executable_path/Frameworks";
				PRODUCT_BUNDLE_IDENTIFIER = MH.CustomPickerView;
				PRODUCT_NAME = "$(TARGET_NAME)";
				TARGETED_DEVICE_FAMILY = "1,2";
			};
			name = Release;
		};
/* End XCBuildConfiguration section */

/* Begin XCConfigurationList section */
		39BB94E21D2D26B10032AA0F /* Build configuration list for PBXProject "CustomPickerView" */ = {
			isa = XCConfigurationList;
			buildConfigurations = (
				39BB94FC1D2D26B10032AA0F /* Debug */,
				39BB94FD1D2D26B10032AA0F /* Release */,
			);
			defaultConfigurationIsVisible = 0;
			defaultConfigurationName = Release;
		};
		39BB94FE1D2D26B10032AA0F /* Build configuration list for PBXNativeTarget "CustomPickerView" */ = {
			isa = XCConfigurationList;
			buildConfigurations = (
				39BB94FF1D2D26B10032AA0F /* Debug */,
				39BB95001D2D26B10032AA0F /* Release */,
			);
			defaultConfigurationIsVisible = 0;
			defaultConfigurationName = Release;
		};
/* End XCConfigurationList section */
	};
	rootObject = 39BB94DF1D2D26B10032AA0F /* Project object */;
}
