// !$*UTF8*$!
{
	archiveVersion = 1;
	classes = {
	};
	objectVersion = 46;
	objects = {

/* Begin PBXBuildFile section */
		390E7D5B1D2D32E800A4DF46 /* MainVC.m in Sources */ = {isa = PBXBuildFile; fileRef = 390E7D591D2D32E800A4DF46 /* MainVC.m */; };
		390E7D5C1D2D32E800A4DF46 /* MainVC.xib in Resources */ = {isa = PBXBuildFile; fileRef = 390E7D5A1D2D32E800A4DF46 /* MainVC.xib */; };
		390E7D5F1D2D337000A4DF46 /* MHScrollView.m in Sources */ = {isa = PBXBuildFile; fileRef = 390E7D5E1D2D337000A4DF46 /* MHScrollView.m */; };
		390E7D631D2D33F600A4DF46 /* MHScrollView.xib in Resources */ = {isa = PBXBuildFile; fileRef = 390E7D621D2D33F600A4DF46 /* MHScrollView.xib */; };
		390E7D661D2D371C00A4DF46 /* Downloader.m in Sources */ = {isa = PBXBuildFile; fileRef = 390E7D651D2D371C00A4DF46 /* Downloader.m */; };
		390E7D751D2D64D100A4DF46 /* MHScrollViewC.m in Sources */ = {isa = PBXBuildFile; fileRef = 390E7D741D2D64D100A4DF46 /* MHScrollViewC.m */; };
		390E7D791D2E4EBA00A4DF46 /* MHCollectionCell.m in Sources */ = {isa = PBXBuildFile; fileRef = 390E7D771D2E4EBA00A4DF46 /* MHCollectionCell.m */; };
		390E7D7A1D2E4EBA00A4DF46 /* MHCollectionCell.xib in Resources */ = {isa = PBXBuildFile; fileRef = 390E7D781D2E4EBA00A4DF46 /* MHCollectionCell.xib */; };
		390E7D7D1D2E53E200A4DF46 /* MHCollectionViewLayout.m in Sources */ = {isa = PBXBuildFile; fileRef = 390E7D7C1D2E53E200A4DF46 /* MHCollectionViewLayout.m */; };
		390E7D801D2EAE1400A4DF46 /* MHConfigure.m in Sources */ = {isa = PBXBuildFile; fileRef = 390E7D7F1D2EAE1400A4DF46 /* MHConfigure.m */; };
		39BB94EC1D2D26B10032AA0F /* main.m in Sources */ = {isa = PBXBuildFile; fileRef = 39BB94EB1D2D26B10032AA0F /* main.m */; };
		39BB94EF1D2D26B10032AA0F /* AppDelegate.m in Sources */ = {isa = PBXBuildFile; fileRef = 39BB94EE1D2D26B10032AA0F /* AppDelegate.m */; };
		39BB94F71D2D26B10032AA0F /* Assets.xcassets in Resources */ = {isa = PBXBuildFile; fileRef = 39BB94F61D2D26B10032AA0F /* Assets.xcassets */; };
		39BB94FA1D2D26B10032AA0F /* LaunchScreen.storyboard in Resources */ = {isa = PBXBuildFile; fileRef = 39BB94F81D2D26B10032AA0F /* LaunchScreen.storyboard */; };
/* End PBXBuildFile section */

/* Begin PBXFileReference section */
		390E7D581D2D32E800A4DF46 /* MainVC.h */ = {isa = PBXFileReference; fileEncoding = 4; lastKnownFileType = sourcecode.c.h; path = MainVC.h; sourceTree = "<group>"; };
		390E7D591D2D32E800A4DF46 /* MainVC.m */ = {isa = PBXFileReference; fileEncoding = 4; lastKnownFileType = sourcecode.c.objc; path = MainVC.m; sourceTree = "<group>"; };
		390E7D5A1D2D32E800A4DF46 /* MainVC.xib */ = {isa = PBXFileReference; fileEncoding = 4; lastKnownFileType = file.xib; path = MainVC.xib; sourceTree = "<group>"; };
		390E7D5D1D2D337000A4DF46 /* MHScrollView.h */ = {isa = PBXFileReference; fileEncoding = 4; lastKnownFileType = sourcecode.c.h; path = MHScrollView.h; sourceTree = "<group>"; };
		390E7D5E1D2D337000A4DF46 /* MHScrollView.m */ = {isa = PBXFileReference; fileEncoding = 4; lastKnownFileType = sourcecode.c.objc; path = MHScrollView.m; sourceTree = "<group>"; };
		390E7D621D2D33F600A4DF46 /* MHScrollView.xib */ = {isa = PBXFileReference; fileEncoding = 4; lastKnownFileType = file.xib; name = MHScrollView.xib; path = ScrollView/MHScrollView.xib; sourceTree = "<group>"; };
		390E7D641D2D371C00A4DF46 /* Downloader.h */ = {isa = PBXFileReference; fileEncoding = 4; lastKnownFileType = sourcecode.c.h; path = Downloader.h; sourceTree = "<group>"; };
		390E7D651D2D371C00A4DF46 /* Downloader.m */ = {isa = PBXFileReference; fileEncoding = 4; lastKnownFileType = sourcecode.c.objc; path = Downloader.m; sourceTree = "<group>"; };
		390E7D731D2D64D100A4DF46 /* MHScrollViewC.h */ = {isa = PBXFileReference; fileEncoding = 4; lastKnownFileType = sourcecode.c.h; path = MHScrollViewC.h; sourceTree = "<group>"; };
		390E7D741D2D64D100A4DF46 /* MHScrollViewC.m */ = {isa = PBXFileReference; fileEncoding = 4; lastKnownFileType = sourcecode.c.objc; path = MHScrollViewC.m; sourceTree = "<group>"; };
		390E7D761D2E4EBA00A4DF46 /* MHCollectionCell.h */ = {isa = PBXFileReference; fileEncoding = 4; lastKnownFileType = sourcecode.c.h; path = MHCollectionCell.h; sourceTree = "<group>"; };
		390E7D771D2E4EBA00A4DF46 /* MHCollectionCell.m */ = {isa = PBXFileReference; fileEncoding = 4; lastKnownFileType = sourcecode.c.objc; path = MHCollectionCell.m; sourceTree = "<group>"; };
		390E7D781D2E4EBA00A4DF46 /* MHCollectionCell.xib */ = {isa = PBXFileReference; fileEncoding = 4; lastKnownFileType = file.xib; path = MHCollectionCell.xib; sourceTree = "<group>"; };
		390E7D7B1D2E53E200A4DF46 /* MHCollectionViewLayout.h */ = {isa = PBXFileReference; fileEncoding = 4; lastKnownFileType = sourcecode.c.h; name = MHCollectionViewLayout.h; path = ScrollView/MHCollectionViewLayout.h; sourceTree = "<group>"; };
		390E7D7C1D2E53E200A4DF46 /* MHCollectionViewLayout.m */ = {isa = PBXFileReference; fileEncoding = 4; lastKnownFileType = sourcecode.c.objc; name = MHCollectionViewLayout.m; path = ScrollView/MHCollectionViewLayout.m; sourceTree = "<group>"; };
		390E7D7E1D2EAE1400A4DF46 /* MHConfigure.h */ = {isa = PBXFileReference; fileEncoding = 4; lastKnownFileType = sourcecode.c.h; path = MHConfigure.h; sourceTree = "<group>"; };
		390E7D7F1D2EAE1400A4DF46 /* MHConfigure.m */ = {isa = PBXFileReference; fileEncoding = 4; lastKnownFileType = sourcecode.c.objc; path = MHConfigure.m; sourceTree = "<group>"; };
		39BB94E71D2D26B10032AA0F /* CustomPickerView.app */ = {isa = PBXFileReference; explicitFileType = wrapper.application; includeInIndex = 0; path = CustomPickerView.app; sourceTree = BUILT_PRODUCTS_DIR; };
		39BB94EB1D2D26B10032AA0F /* main.m */ = {isa = PBXFileReference; lastKnownFileType = sourcecode.c.objc; path = main.m; sourceTree = "<group>"; };
		39BB94ED1D2D26B10032AA0F /* AppDelegate.h */ = {isa = PBXFileReference; lastKnownFileType = sourcecode.c.h; path = AppDelegate.h; sourceTree = "<group>"; };
		39BB94EE1D2D26B10032AA0F /* AppDelegate.m */ = {isa = PBXFileReference; lastKnownFileType = sourcecode.c.objc; path = AppDelegate.m; sourceTree = "<group>"; };
		39BB94F61D2D26B10032AA0F /* Assets.xcassets */ = {isa = PBXFileReference; lastKnownFileType = folder.assetcatalog; path = Assets.xcassets; sourceTree = "<group>"; };
		39BB94F91D2D26B10032AA0F /* Base */ = {isa = PBXFileReference; lastKnownFileType = file.storyboard; name = Base; path = Base.lproj/LaunchScreen.storyboard; sourceTree = "<group>"; };
		39BB94FB1D2D26B10032AA0F /* Info.plist */ = {isa = PBXFileReference; lastKnownFileType = text.plist.xml; path = Info.plist; sourceTree = "<group>"; };
/* End PBXFileReference section */

/* Begin PBXFrameworksBuildPhase section */
		39BB94E41D2D26B10032AA0F /* Frameworks */ = {
			isa = PBXFrameworksBuildPhase;
			buildActionMask = 2147483647;
			files = (
			);
			runOnlyForDeploymentPostprocessing = 0;
		};
/* End PBXFrameworksBuildPhase section */

/* Begin PBXGroup section */
		390E7D601D2D337800A4DF46 /* ScrollView */ = {
			isa = PBXGroup;
			children = (
				390E7D5D1D2D337000A4DF46 /* MHScrollView.h */,
				390E7D5E1D2D337000A4DF46 /* MHScrollView.m */,
				390E7D621D2D33F600A4DF46 /* MHScrollView.xib */,
				390E7D761D2E4EBA00A4DF46 /* MHCollectionCell.h */,
				390E7D771D2E4EBA00A4DF46 /* MHCollectionCell.m */,
				390E7D781D2E4EBA00A4DF46 /* MHCollectionCell.xib */,
				390E7D7B1D2E53E200A4DF46 /* MHCollectionViewLayout.h */,
				390E7D7C1D2E53E200A4DF46 /* MHCollectionViewLayout.m */,
			);
			name = ScrollView;
			sourceTree = "<group>";
		};
		390E7D611D2D338400A4DF46 /* MainVC */ = {
			isa = PBXGroup;
			children = (
				390E7D581D2D32E800A4DF46 /* MainVC.h */,
				390E7D591D2D32E800A4DF46 /* MainVC.m */,
				390E7D5A1D2D32E800A4DF46 /* MainVC.xib */,
			);
			name = MainVC;
			sourceTree = "<group>";
		};
		39BB94DE1D2D26B10032AA0F = {
			isa = PBXGroup;
			children = (
				39BB94E91D2D26B10032AA0F /* CustomPickerView */,
				39BB94E81D2D26B10032AA0F /* Products */,
			);
			sourceTree = "<group>";
		};
		39BB94E81D2D26B10032AA0F /* Products */ = {
			isa = PBXGroup;
			children = (
				39BB94E71D2D26B10032AA0F /* CustomPickerView.app */,
			);
			name = Products;
			sourceTree = "<group>";
		};
		39BB94E91D2D26B10032AA0F /* CustomPickerView */ = {
			isa = PBXGroup;
			children = (
				390E7D731D2D64D100A4DF46 /* MHScrollViewC.h */,
				390E7D741D2D64D100A4DF46 /* MHScrollViewC.m */,
				390E7D611D2D338400A4DF46 /* MainVC */,
				390E7D601D2D337800A4DF46 /* ScrollView */,
				39BB94ED1D2D26B10032AA0F /* AppDelegate.h */,
				39BB94EE1D2D26B10032AA0F /* AppDelegate.m */,
				390E7D7E1D2EAE1400A4DF46 /* MHConfigure.h */,
				390E7D7F1D2EAE1400A4DF46 /* MHConfigure.m */,
				390E7D641D2D371C00A4DF46 /* Downloader.h */,
				390E7D651D2D371C00A4DF46 /* Downloader.m */,
				39BB94F61D2D26B10032AA0F /* Assets.xcassets */,
				39BB94F81D2D26B10032AA0F /* LaunchScreen.storyboard */,
				39BB94FB1D2D26B10032AA0F /* Info.plist */,
				39BB94EA1D2D26B10032AA0F /* Supporting Files */,
			);
			path = CustomPickerView;
			sourceTree = "<group>";
		};
		39BB94EA1D2D26B10032AA0F /* Supporting Files */ = {
			isa = PBXGroup;
			children = (
				39BB94EB1D2D26B10032AA0F /* main.m */,
			);
			name = "Supporting Files";
			sourceTree = "<group>";
		};
/* End PBXGroup section */

/* Begin PBXNativeTarget section */
		39BB94E61D2D26B10032AA0F /* CustomPickerView */ = {
			isa = PBXNativeTarget;
			buildConfigurationList = 39BB94FE1D2D26B10032AA0F /* Build configuration list for PBXNativeTarget "CustomPickerView" */;
			buildPhases = (
				39BB94E31D2D26B10032AA0F /* Sources */,
				39BB94E41D2D26B10032AA0F /* Frameworks */,
				39BB94E51D2D26B10032AA0F /* Resources */,
			);
			buildRules = (
			);
			dependencies = (
			);
			name = CustomPickerView;
			productName = CustomPickerView;
			productReference = 39BB94E71D2D26B10032AA0F /* CustomPickerView.app */;
			productType = "com.apple.product-type.application";
		};
/* End PBXNativeTarget section */

/* Begin PBXProject section */
		39BB94DF1D2D26B10032AA0F /* Project object */ = {
			isa = PBXProject;
			attributes = {
				LastUpgradeCheck = 0730;
				ORGANIZATIONNAME = "Melaniia Hulianovych";
				TargetAttributes = {
					39BB94E61D2D26B10032AA0F = {
						CreatedOnToolsVersion = 7.3.1;
					};
				};
			};
			buildConfigurationList = 39BB94E21D2D26B10032AA0F /* Build configuration list for PBXProject "CustomPickerView" */;
			compatibilityVersion = "Xcode 3.2";
			developmentRegion = English;
			hasScannedForEncodings = 0;
			knownRegions = (
				en,
				Base,
			);
			mainGroup = 39BB94DE1D2D26B10032AA0F;
			productRefGroup = 39BB94E81D2D26B10032AA0F /* Products */;
			projectDirPath = "";
			projectRoot = "";
			targets = (
				39BB94E61D2D26B10032AA0F /* CustomPickerView */,
			);
		};
/* End PBXProject section */

/* Begin PBXResourcesBuildPhase section */
		39BB94E51D2D26B10032AA0F /* Resources */ = {
			isa = PBXResourcesBuildPhase;
			buildActionMask = 2147483647;
			files = (
				390E7D5C1D2D32E800A4DF46 /* MainVC.xib in Resources */,
				390E7D631D2D33F600A4DF46 /* MHScrollView.xib in Resources */,
				39BB94FA1D2D26B10032AA0F /* LaunchScreen.storyboard in Resources */,
				39BB94F71D2D26B10032AA0F /* Assets.xcassets in Resources */,
				390E7D7A1D2E4EBA00A4DF46 /* MHCollectionCell.xib in Resources */,
			);
			runOnlyForDeploymentPostprocessing = 0;
		};
/* End PBXResourcesBuildPhase section */

/* Begin PBXSourcesBuildPhase section */
		39BB94E31D2D26B10032AA0F /* Sources */ = {
			isa = PBXSourcesBuildPhase;
			buildActionMask = 2147483647;
			files = (
				390E7D5B1D2D32E800A4DF46 /* MainVC.m in Sources */,
				390E7D5F1D2D337000A4DF46 /* MHScrollView.m in Sources */,
				390E7D661D2D371C00A4DF46 /* Downloader.m in Sources */,
				390E7D801D2EAE1400A4DF46 /* MHConfigure.m in Sources */,
				39BB94EF1D2D26B10032AA0F /* AppDelegate.m in Sources */,
				390E7D791D2E4EBA00A4DF46 /* MHCollectionCell.m in Sources */,
				390E7D7D1D2E53E200A4DF46 /* MHCollectionViewLayout.m in Sources */,
				390E7D751D2D64D100A4DF46 /* MHScrollViewC.m in Sources */,
				39BB94EC1D2D26B10032AA0F /* main.m in Sources */,
			);
			runOnlyForDeploymentPostprocessing = 0;
		};
/* End PBXSourcesBuildPhase section */

/* Begin PBXVariantGroup section */
		39BB94F81D2D26B10032AA0F /* LaunchScreen.storyboard */ = {
			isa = PBXVariantGroup;
			children = (
				39BB94F91D2D26B10032AA0F /* Base */,
			);
			name = LaunchScreen.storyboard;
			sourceTree = "<group>";
		};
/* End PBXVariantGroup section */

/* Begin XCBuildConfiguration section */
		39BB94FC1D2D26B10032AA0F /* Debug */ = {
			isa = XCBuildConfiguration;
			buildSettings = {
				ALWAYS_SEARCH_USER_PATHS = NO;
				CLANG_ANALYZER_NONNULL = YES;
				CLANG_CXX_LANGUAGE_STANDARD = "gnu++0x";
				CLANG_CXX_LIBRARY = "libc++";
				CLANG_ENABLE_MODULES = YES;
				CLANG_ENABLE_OBJC_ARC = YES;
				CLANG_WARN_BOOL_CONVERSION = YES;
				CLANG_WARN_CONSTANT_CONVERSION = YES;
				CLANG_WARN_DIRECT_OBJC_ISA_USAGE = YES_ERROR;
				CLANG_WARN_EMPTY_BODY = YES;
				CLANG_WARN_ENUM_CONVERSION = YES;
				CLANG_WARN_INT_CONVERSION = YES;
				CLANG_WARN_OBJC_ROOT_CLASS = YES_ERROR;
				CLANG_WARN_UNREACHABLE_CODE = YES;
				CLANG_WARN__DUPLICATE_METHOD_MATCH = YES;
				"CODE_SIGN_IDENTITY[sdk=iphoneos*]" = "iPhone Developer";
				COPY_PHASE_STRIP = NO;
				DEBUG_INFORMATION_FORMAT = dwarf;
				ENABLE_STRICT_OBJC_MSGSEND = YES;
				ENABLE_TESTABILITY = YES;
				GCC_C_LANGUAGE_STANDARD = gnu99;
				GCC_DYNAMIC_NO_PIC = NO;
				GCC_NO_COMMON_BLOCKS = YES;
				GCC_OPTIMIZATION_LEVEL = 0;
				GCC_PREPROCESSOR_DEFINITIONS = (
					"DEBUG=1",
					"$(inherited)",
				);
				GCC_WARN_64_TO_32_BIT_CONVERSION = YES;
				GCC_WARN_ABOUT_RETURN_TYPE = YES_ERROR;
				GCC_WARN_UNDECLARED_SELECTOR = YES;
				GCC_WARN_UNINITIALIZED_AUTOS = YES_AGGRESSIVE;
				GCC_WARN_UNUSED_FUNCTION = YES;
				GCC_WARN_UNUSED_VARIABLE = YES;
				IPHONEOS_DEPLOYMENT_TARGET = 9.3;
				MTL_ENABLE_DEBUG_INFO = YES;
				ONLY_ACTIVE_ARCH = YES;
				SDKROOT = iphoneos;
				TARGETED_DEVICE_FAMILY = "1,2";
			};
			name = Debug;
		};
		39BB94FD1D2D26B10032AA0F /* Release */ = {
			isa = XCBuildConfiguration;
			buildSettings = {
				ALWAYS_SEARCH_USER_PATHS = NO;
				CLANG_ANALYZER_NONNULL = YES;
				CLANG_CXX_LANGUAGE_STANDARD = "gnu++0x";
				CLANG_CXX_LIBRARY = "libc++";
				CLANG_ENABLE_MODULES = YES;
				CLANG_ENABLE_OBJC_ARC = YES;
				CLANG_WARN_BOOL_CONVERSION = YES;
				CLANG_WARN_CONSTANT_CONVERSION = YES;
				CLANG_WARN_DIRECT_OBJC_ISA_USAGE = YES_ERROR;
				CLANG_WARN_EMPTY_BODY = YES;
				CLANG_WARN_ENUM_CONVERSION = YES;
				CLANG_WARN_INT_CONVERSION = YES;
				CLANG_WARN_OBJC_ROOT_CLASS = YES_ERROR;
				CLANG_WARN_UNREACHABLE_CODE = YES;
				CLANG_WARN__DUPLICATE_METHOD_MATCH = YES;
				"CODE_SIGN_IDENTITY[sdk=iphoneos*]" = "iPhone Developer";
				COPY_PHASE_STRIP = NO;
				DEBUG_INFORMATION_FORMAT = "dwarf-with-dsym";
				ENABLE_NS_ASSERTIONS = NO;
				ENABLE_STRICT_OBJC_MSGSEND = YES;
				GCC_C_LANGUAGE_STANDARD = gnu99;
				GCC_NO_COMMON_BLOCKS = YES;
				GCC_WARN_64_TO_32_BIT_CONVERSION = YES;
				GCC_WARN_ABOUT_RETURN_TYPE = YES_ERROR;
				GCC_WARN_UNDECLARED_SELECTOR = YES;
				GCC_WARN_UNINITIALIZED_AUTOS = YES_AGGRESSIVE;
				GCC_WARN_UNUSED_FUNCTION = YES;
				GCC_WARN_UNUSED_VARIABLE = YES;
				IPHONEOS_DEPLOYMENT_TARGET = 9.3;
				MTL_ENABLE_DEBUG_INFO = NO;
				SDKROOT = iphoneos;
				TARGETED_DEVICE_FAMILY = "1,2";
				VALIDATE_PRODUCT = YES;
			};
			name = Release;
		};
		39BB94FF1D2D26B10032AA0F /* Debug */ = {
			isa = XCBuildConfiguration;
			buildSettings = {
				ASSETCATALOG_COMPILER_APPICON_NAME = AppIcon;
				INFOPLIST_FILE = CustomPickerView/Info.plist;
				LD_RUNPATH_SEARCH_PATHS = "$(inherited) @executable_path/Frameworks";
				ONLY_ACTIVE_ARCH = YES;
				PRODUCT_BUNDLE_IDENTIFIER = MH.CustomPickerView;
				PRODUCT_NAME = "$(TARGET_NAME)";
				TARGETED_DEVICE_FAMILY = "1,2";
				VALID_ARCHS = "arm64 armv7 armv7s";
			};
			name = Debug;
		};
		39BB95001D2D26B10032AA0F /* Release */ = {
			isa = XCBuildConfiguration;
			buildSettings = {
				ASSETCATALOG_COMPILER_APPICON_NAME = AppIcon;
				INFOPLIST_FILE = CustomPickerView/Info.plist;
				LD_RUNPATH_SEARCH_PATHS = "$(inherited) @executable_path/Frameworks";
				PRODUCT_BUNDLE_IDENTIFIER = MH.CustomPickerView;
				PRODUCT_NAME = "$(TARGET_NAME)";
				TARGETED_DEVICE_FAMILY = "1,2";
			};
			name = Release;
		};
/* End XCBuildConfiguration section */

/* Begin XCConfigurationList section */
		39BB94E21D2D26B10032AA0F /* Build configuration list for PBXProject "CustomPickerView" */ = {
			isa = XCConfigurationList;
			buildConfigurations = (
				39BB94FC1D2D26B10032AA0F /* Debug */,
				39BB94FD1D2D26B10032AA0F /* Release */,
			);
			defaultConfigurationIsVisible = 0;
			defaultConfigurationName = Release;
		};
		39BB94FE1D2D26B10032AA0F /* Build configuration list for PBXNativeTarget "CustomPickerView" */ = {
			isa = XCConfigurationList;
			buildConfigurations = (
				39BB94FF1D2D26B10032AA0F /* Debug */,
				39BB95001D2D26B10032AA0F /* Release */,
			);
			defaultConfigurationIsVisible = 0;
			defaultConfigurationName = Release;
		};
/* End XCConfigurationList section */
	};
	rootObject = 39BB94DF1D2D26B10032AA0F /* Project object */;
}
